// !$*UTF8*$!
{
	archiveVersion = 1;
	classes = {
	};
	objectVersion = 50;
	objects = {

/* Begin PBXBuildFile section */
		9C90A6B423084066004E39CC /* AppDelegate.swift in Sources */ = {isa = PBXBuildFile; fileRef = 9C90A6B323084066004E39CC /* AppDelegate.swift */; };
		9C90A6B623084066004E39CC /* ViewController.swift in Sources */ = {isa = PBXBuildFile; fileRef = 9C90A6B523084066004E39CC /* ViewController.swift */; };
		9C90A6B923084066004E39CC /* Main.storyboard in Resources */ = {isa = PBXBuildFile; fileRef = 9C90A6B723084066004E39CC /* Main.storyboard */; };
		9C90A6BB23084067004E39CC /* Assets.xcassets in Resources */ = {isa = PBXBuildFile; fileRef = 9C90A6BA23084067004E39CC /* Assets.xcassets */; };
		9C90A6BE23084067004E39CC /* LaunchScreen.storyboard in Resources */ = {isa = PBXBuildFile; fileRef = 9C90A6BC23084067004E39CC /* LaunchScreen.storyboard */; };
		9C90A6C923084067004E39CC /* MovieTests.swift in Sources */ = {isa = PBXBuildFile; fileRef = 9C90A6C823084067004E39CC /* MovieTests.swift */; };
		9C90A6D423084068004E39CC /* MovieUITests.swift in Sources */ = {isa = PBXBuildFile; fileRef = 9C90A6D323084068004E39CC /* MovieUITests.swift */; };
/* End PBXBuildFile section */

/* Begin PBXContainerItemProxy section */
		9C90A6C523084067004E39CC /* PBXContainerItemProxy */ = {
			isa = PBXContainerItemProxy;
			containerPortal = 9C90A6A823084066004E39CC /* Project object */;
			proxyType = 1;
			remoteGlobalIDString = 9C90A6AF23084066004E39CC;
			remoteInfo = Movie;
		};
		9C90A6D023084067004E39CC /* PBXContainerItemProxy */ = {
			isa = PBXContainerItemProxy;
			containerPortal = 9C90A6A823084066004E39CC /* Project object */;
			proxyType = 1;
			remoteGlobalIDString = 9C90A6AF23084066004E39CC;
			remoteInfo = Movie;
		};
/* End PBXContainerItemProxy section */

/* Begin PBXFileReference section */
		9C90A6B023084066004E39CC /* Movie.app */ = {isa = PBXFileReference; explicitFileType = wrapper.application; includeInIndex = 0; path = Movie.app; sourceTree = BUILT_PRODUCTS_DIR; };
		9C90A6B323084066004E39CC /* AppDelegate.swift */ = {isa = PBXFileReference; lastKnownFileType = sourcecode.swift; path = AppDelegate.swift; sourceTree = "<group>"; };
		9C90A6B523084066004E39CC /* ViewController.swift */ = {isa = PBXFileReference; lastKnownFileType = sourcecode.swift; path = ViewController.swift; sourceTree = "<group>"; };
		9C90A6B823084066004E39CC /* Base */ = {isa = PBXFileReference; lastKnownFileType = file.storyboard; name = Base; path = Base.lproj/Main.storyboard; sourceTree = "<group>"; };
		9C90A6BA23084067004E39CC /* Assets.xcassets */ = {isa = PBXFileReference; lastKnownFileType = folder.assetcatalog; path = Assets.xcassets; sourceTree = "<group>"; };
		9C90A6BD23084067004E39CC /* Base */ = {isa = PBXFileReference; lastKnownFileType = file.storyboard; name = Base; path = Base.lproj/LaunchScreen.storyboard; sourceTree = "<group>"; };
		9C90A6BF23084067004E39CC /* Info.plist */ = {isa = PBXFileReference; lastKnownFileType = text.plist.xml; path = Info.plist; sourceTree = "<group>"; };
		9C90A6C423084067004E39CC /* MovieTests.xctest */ = {isa = PBXFileReference; explicitFileType = wrapper.cfbundle; includeInIndex = 0; path = MovieTests.xctest; sourceTree = BUILT_PRODUCTS_DIR; };
		9C90A6C823084067004E39CC /* MovieTests.swift */ = {isa = PBXFileReference; lastKnownFileType = sourcecode.swift; path = MovieTests.swift; sourceTree = "<group>"; };
		9C90A6CA23084067004E39CC /* Info.plist */ = {isa = PBXFileReference; lastKnownFileType = text.plist.xml; path = Info.plist; sourceTree = "<group>"; };
		9C90A6CF23084067004E39CC /* MovieUITests.xctest */ = {isa = PBXFileReference; explicitFileType = wrapper.cfbundle; includeInIndex = 0; path = MovieUITests.xctest; sourceTree = BUILT_PRODUCTS_DIR; };
		9C90A6D323084068004E39CC /* MovieUITests.swift */ = {isa = PBXFileReference; lastKnownFileType = sourcecode.swift; path = MovieUITests.swift; sourceTree = "<group>"; };
		9C90A6D523084068004E39CC /* Info.plist */ = {isa = PBXFileReference; lastKnownFileType = text.plist.xml; path = Info.plist; sourceTree = "<group>"; };
/* End PBXFileReference section */

/* Begin PBXFrameworksBuildPhase section */
		9C90A6AD23084066004E39CC /* Frameworks */ = {
			isa = PBXFrameworksBuildPhase;
			buildActionMask = 2147483647;
			files = (
			);
			runOnlyForDeploymentPostprocessing = 0;
		};
		9C90A6C123084067004E39CC /* Frameworks */ = {
			isa = PBXFrameworksBuildPhase;
			buildActionMask = 2147483647;
			files = (
			);
			runOnlyForDeploymentPostprocessing = 0;
		};
		9C90A6CC23084067004E39CC /* Frameworks */ = {
			isa = PBXFrameworksBuildPhase;
			buildActionMask = 2147483647;
			files = (
			);
			runOnlyForDeploymentPostprocessing = 0;
		};
/* End PBXFrameworksBuildPhase section */

/* Begin PBXGroup section */
		9C90A6A723084066004E39CC = {
			isa = PBXGroup;
			children = (
				9C90A6B223084066004E39CC /* Movie */,
				9C90A6C723084067004E39CC /* MovieTests */,
				9C90A6D223084068004E39CC /* MovieUITests */,
				9C90A6B123084066004E39CC /* Products */,
			);
			sourceTree = "<group>";
		};
		9C90A6B123084066004E39CC /* Products */ = {
			isa = PBXGroup;
			children = (
				9C90A6B023084066004E39CC /* Movie.app */,
				9C90A6C423084067004E39CC /* MovieTests.xctest */,
				9C90A6CF23084067004E39CC /* MovieUITests.xctest */,
			);
			name = Products;
			sourceTree = "<group>";
		};
		9C90A6B223084066004E39CC /* Movie */ = {
			isa = PBXGroup;
			children = (
				9C90A6B323084066004E39CC /* AppDelegate.swift */,
				9C90A6B523084066004E39CC /* ViewController.swift */,
				9C90A6B723084066004E39CC /* Main.storyboard */,
				9C90A6BA23084067004E39CC /* Assets.xcassets */,
				9C90A6BC23084067004E39CC /* LaunchScreen.storyboard */,
				9C90A6BF23084067004E39CC /* Info.plist */,
			);
			path = Movie;
			sourceTree = "<group>";
		};
		9C90A6C723084067004E39CC /* MovieTests */ = {
			isa = PBXGroup;
			children = (
				9C90A6C823084067004E39CC /* MovieTests.swift */,
				9C90A6CA23084067004E39CC /* Info.plist */,
			);
			path = MovieTests;
			sourceTree = "<group>";
		};
		9C90A6D223084068004E39CC /* MovieUITests */ = {
			isa = PBXGroup;
			children = (
				9C90A6D323084068004E39CC /* MovieUITests.swift */,
				9C90A6D523084068004E39CC /* Info.plist */,
			);
			path = MovieUITests;
			sourceTree = "<group>";
		};
/* End PBXGroup section */

/* Begin PBXNativeTarget section */
		9C90A6AF23084066004E39CC /* Movie */ = {
			isa = PBXNativeTarget;
			buildConfigurationList = 9C90A6D823084068004E39CC /* Build configuration list for PBXNativeTarget "Movie" */;
			buildPhases = (
				9C90A6AC23084066004E39CC /* Sources */,
				9C90A6AD23084066004E39CC /* Frameworks */,
				9C90A6AE23084066004E39CC /* Resources */,
			);
			buildRules = (
			);
			dependencies = (
			);
			name = Movie;
			productName = Movie;
			productReference = 9C90A6B023084066004E39CC /* Movie.app */;
			productType = "com.apple.product-type.application";
		};
		9C90A6C323084067004E39CC /* MovieTests */ = {
			isa = PBXNativeTarget;
			buildConfigurationList = 9C90A6DB23084068004E39CC /* Build configuration list for PBXNativeTarget "MovieTests" */;
			buildPhases = (
				9C90A6C023084067004E39CC /* Sources */,
				9C90A6C123084067004E39CC /* Frameworks */,
				9C90A6C223084067004E39CC /* Resources */,
			);
			buildRules = (
			);
			dependencies = (
				9C90A6C623084067004E39CC /* PBXTargetDependency */,
			);
			name = MovieTests;
			productName = MovieTests;
			productReference = 9C90A6C423084067004E39CC /* MovieTests.xctest */;
			productType = "com.apple.product-type.bundle.unit-test";
		};
		9C90A6CE23084067004E39CC /* MovieUITests */ = {
			isa = PBXNativeTarget;
			buildConfigurationList = 9C90A6DE23084068004E39CC /* Build configuration list for PBXNativeTarget "MovieUITests" */;
			buildPhases = (
				9C90A6CB23084067004E39CC /* Sources */,
				9C90A6CC23084067004E39CC /* Frameworks */,
				9C90A6CD23084067004E39CC /* Resources */,
			);
			buildRules = (
			);
			dependencies = (
				9C90A6D123084067004E39CC /* PBXTargetDependency */,
			);
			name = MovieUITests;
			productName = MovieUITests;
			productReference = 9C90A6CF23084067004E39CC /* MovieUITests.xctest */;
			productType = "com.apple.product-type.bundle.ui-testing";
		};
/* End PBXNativeTarget section */

/* Begin PBXProject section */
		9C90A6A823084066004E39CC /* Project object */ = {
			isa = PBXProject;
			attributes = {
				LastSwiftUpdateCheck = 1010;
				LastUpgradeCheck = 1010;
				ORGANIZATIONNAME = "Victor Magnani";
				TargetAttributes = {
					9C90A6AF23084066004E39CC = {
						CreatedOnToolsVersion = 10.1;
					};
					9C90A6C323084067004E39CC = {
						CreatedOnToolsVersion = 10.1;
						TestTargetID = 9C90A6AF23084066004E39CC;
					};
					9C90A6CE23084067004E39CC = {
						CreatedOnToolsVersion = 10.1;
						TestTargetID = 9C90A6AF23084066004E39CC;
					};
				};
			};
			buildConfigurationList = 9C90A6AB23084066004E39CC /* Build configuration list for PBXProject "Movie" */;
			compatibilityVersion = "Xcode 9.3";
			developmentRegion = en;
			hasScannedForEncodings = 0;
			knownRegions = (
				en,
				Base,
			);
			mainGroup = 9C90A6A723084066004E39CC;
			productRefGroup = 9C90A6B123084066004E39CC /* Products */;
			projectDirPath = "";
			projectRoot = "";
			targets = (
				9C90A6AF23084066004E39CC /* Movie */,
				9C90A6C323084067004E39CC /* MovieTests */,
				9C90A6CE23084067004E39CC /* MovieUITests */,
			);
		};
/* End PBXProject section */

/* Begin PBXResourcesBuildPhase section */
		9C90A6AE23084066004E39CC /* Resources */ = {
			isa = PBXResourcesBuildPhase;
			buildActionMask = 2147483647;
			files = (
				9C90A6BE23084067004E39CC /* LaunchScreen.storyboard in Resources */,
				9C90A6BB23084067004E39CC /* Assets.xcassets in Resources */,
				9C90A6B923084066004E39CC /* Main.storyboard in Resources */,
			);
			runOnlyForDeploymentPostprocessing = 0;
		};
		9C90A6C223084067004E39CC /* Resources */ = {
			isa = PBXResourcesBuildPhase;
			buildActionMask = 2147483647;
			files = (
			);
			runOnlyForDeploymentPostprocessing = 0;
		};
		9C90A6CD23084067004E39CC /* Resources */ = {
			isa = PBXResourcesBuildPhase;
			buildActionMask = 2147483647;
			files = (
			);
			runOnlyForDeploymentPostprocessing = 0;
		};
/* End PBXResourcesBuildPhase section */

/* Begin PBXSourcesBuildPhase section */
		9C90A6AC23084066004E39CC /* Sources */ = {
			isa = PBXSourcesBuildPhase;
			buildActionMask = 2147483647;
			files = (
				9C90A6B623084066004E39CC /* ViewController.swift in Sources */,
				9C90A6B423084066004E39CC /* AppDelegate.swift in Sources */,
			);
			runOnlyForDeploymentPostprocessing = 0;
		};
		9C90A6C023084067004E39CC /* Sources */ = {
			isa = PBXSourcesBuildPhase;
			buildActionMask = 2147483647;
			files = (
				9C90A6C923084067004E39CC /* MovieTests.swift in Sources */,
			);
			runOnlyForDeploymentPostprocessing = 0;
		};
		9C90A6CB23084067004E39CC /* Sources */ = {
			isa = PBXSourcesBuildPhase;
			buildActionMask = 2147483647;
			files = (
				9C90A6D423084068004E39CC /* MovieUITests.swift in Sources */,
			);
			runOnlyForDeploymentPostprocessing = 0;
		};
/* End PBXSourcesBuildPhase section */

/* Begin PBXTargetDependency section */
		9C90A6C623084067004E39CC /* PBXTargetDependency */ = {
			isa = PBXTargetDependency;
			target = 9C90A6AF23084066004E39CC /* Movie */;
			targetProxy = 9C90A6C523084067004E39CC /* PBXContainerItemProxy */;
		};
		9C90A6D123084067004E39CC /* PBXTargetDependency */ = {
			isa = PBXTargetDependency;
			target = 9C90A6AF23084066004E39CC /* Movie */;
			targetProxy = 9C90A6D023084067004E39CC /* PBXContainerItemProxy */;
		};
/* End PBXTargetDependency section */

/* Begin PBXVariantGroup section */
		9C90A6B723084066004E39CC /* Main.storyboard */ = {
			isa = PBXVariantGroup;
			children = (
				9C90A6B823084066004E39CC /* Base */,
			);
			name = Main.storyboard;
			sourceTree = "<group>";
		};
		9C90A6BC23084067004E39CC /* LaunchScreen.storyboard */ = {
			isa = PBXVariantGroup;
			children = (
				9C90A6BD23084067004E39CC /* Base */,
			);
			name = LaunchScreen.storyboard;
			sourceTree = "<group>";
		};
/* End PBXVariantGroup section */

/* Begin XCBuildConfiguration section */
		9C90A6D623084068004E39CC /* Debug */ = {
			isa = XCBuildConfiguration;
			buildSettings = {
				ALWAYS_SEARCH_USER_PATHS = NO;
				CLANG_ANALYZER_NONNULL = YES;
				CLANG_ANALYZER_NUMBER_OBJECT_CONVERSION = YES_AGGRESSIVE;
				CLANG_CXX_LANGUAGE_STANDARD = "gnu++14";
				CLANG_CXX_LIBRARY = "libc++";
				CLANG_ENABLE_MODULES = YES;
				CLANG_ENABLE_OBJC_ARC = YES;
				CLANG_ENABLE_OBJC_WEAK = YES;
				CLANG_WARN_BLOCK_CAPTURE_AUTORELEASING = YES;
				CLANG_WARN_BOOL_CONVERSION = YES;
				CLANG_WARN_COMMA = YES;
				CLANG_WARN_CONSTANT_CONVERSION = YES;
				CLANG_WARN_DEPRECATED_OBJC_IMPLEMENTATIONS = YES;
				CLANG_WARN_DIRECT_OBJC_ISA_USAGE = YES_ERROR;
				CLANG_WARN_DOCUMENTATION_COMMENTS = YES;
				CLANG_WARN_EMPTY_BODY = YES;
				CLANG_WARN_ENUM_CONVERSION = YES;
				CLANG_WARN_INFINITE_RECURSION = YES;
				CLANG_WARN_INT_CONVERSION = YES;
				CLANG_WARN_NON_LITERAL_NULL_CONVERSION = YES;
				CLANG_WARN_OBJC_IMPLICIT_RETAIN_SELF = YES;
				CLANG_WARN_OBJC_LITERAL_CONVERSION = YES;
				CLANG_WARN_OBJC_ROOT_CLASS = YES_ERROR;
				CLANG_WARN_RANGE_LOOP_ANALYSIS = YES;
				CLANG_WARN_STRICT_PROTOTYPES = YES;
				CLANG_WARN_SUSPICIOUS_MOVE = YES;
				CLANG_WARN_UNGUARDED_AVAILABILITY = YES_AGGRESSIVE;
				CLANG_WARN_UNREACHABLE_CODE = YES;
				CLANG_WARN__DUPLICATE_METHOD_MATCH = YES;
				CODE_SIGN_IDENTITY = "iPhone Developer";
				COPY_PHASE_STRIP = NO;
				DEBUG_INFORMATION_FORMAT = dwarf;
				ENABLE_STRICT_OBJC_MSGSEND = YES;
				ENABLE_TESTABILITY = YES;
				GCC_C_LANGUAGE_STANDARD = gnu11;
				GCC_DYNAMIC_NO_PIC = NO;
				GCC_NO_COMMON_BLOCKS = YES;
				GCC_OPTIMIZATION_LEVEL = 0;
				GCC_PREPROCESSOR_DEFINITIONS = (
					"DEBUG=1",
					"$(inherited)",
				);
				GCC_WARN_64_TO_32_BIT_CONVERSION = YES;
				GCC_WARN_ABOUT_RETURN_TYPE = YES_ERROR;
				GCC_WARN_UNDECLARED_SELECTOR = YES;
				GCC_WARN_UNINITIALIZED_AUTOS = YES_AGGRESSIVE;
				GCC_WARN_UNUSED_FUNCTION = YES;
				GCC_WARN_UNUSED_VARIABLE = YES;
				IPHONEOS_DEPLOYMENT_TARGET = 12.1;
				MTL_ENABLE_DEBUG_INFO = INCLUDE_SOURCE;
				MTL_FAST_MATH = YES;
				ONLY_ACTIVE_ARCH = YES;
				SDKROOT = iphoneos;
				SWIFT_ACTIVE_COMPILATION_CONDITIONS = DEBUG;
				SWIFT_OPTIMIZATION_LEVEL = "-Onone";
			};
			name = Debug;
		};
		9C90A6D723084068004E39CC /* Release */ = {
			isa = XCBuildConfiguration;
			buildSettings = {
				ALWAYS_SEARCH_USER_PATHS = NO;
				CLANG_ANALYZER_NONNULL = YES;
				CLANG_ANALYZER_NUMBER_OBJECT_CONVERSION = YES_AGGRESSIVE;
				CLANG_CXX_LANGUAGE_STANDARD = "gnu++14";
				CLANG_CXX_LIBRARY = "libc++";
				CLANG_ENABLE_MODULES = YES;
				CLANG_ENABLE_OBJC_ARC = YES;
				CLANG_ENABLE_OBJC_WEAK = YES;
				CLANG_WARN_BLOCK_CAPTURE_AUTORELEASING = YES;
				CLANG_WARN_BOOL_CONVERSION = YES;
				CLANG_WARN_COMMA = YES;
				CLANG_WARN_CONSTANT_CONVERSION = YES;
				CLANG_WARN_DEPRECATED_OBJC_IMPLEMENTATIONS = YES;
				CLANG_WARN_DIRECT_OBJC_ISA_USAGE = YES_ERROR;
				CLANG_WARN_DOCUMENTATION_COMMENTS = YES;
				CLANG_WARN_EMPTY_BODY = YES;
				CLANG_WARN_ENUM_CONVERSION = YES;
				CLANG_WARN_INFINITE_RECURSION = YES;
				CLANG_WARN_INT_CONVERSION = YES;
				CLANG_WARN_NON_LITERAL_NULL_CONVERSION = YES;
				CLANG_WARN_OBJC_IMPLICIT_RETAIN_SELF = YES;
				CLANG_WARN_OBJC_LITERAL_CONVERSION = YES;
				CLANG_WARN_OBJC_ROOT_CLASS = YES_ERROR;
				CLANG_WARN_RANGE_LOOP_ANALYSIS = YES;
				CLANG_WARN_STRICT_PROTOTYPES = YES;
				CLANG_WARN_SUSPICIOUS_MOVE = YES;
				CLANG_WARN_UNGUARDED_AVAILABILITY = YES_AGGRESSIVE;
				CLANG_WARN_UNREACHABLE_CODE = YES;
				CLANG_WARN__DUPLICATE_METHOD_MATCH = YES;
				CODE_SIGN_IDENTITY = "iPhone Developer";
				COPY_PHASE_STRIP = NO;
				DEBUG_INFORMATION_FORMAT = "dwarf-with-dsym";
				ENABLE_NS_ASSERTIONS = NO;
				ENABLE_STRICT_OBJC_MSGSEND = YES;
				GCC_C_LANGUAGE_STANDARD = gnu11;
				GCC_NO_COMMON_BLOCKS = YES;
				GCC_WARN_64_TO_32_BIT_CONVERSION = YES;
				GCC_WARN_ABOUT_RETURN_TYPE = YES_ERROR;
				GCC_WARN_UNDECLARED_SELECTOR = YES;
				GCC_WARN_UNINITIALIZED_AUTOS = YES_AGGRESSIVE;
				GCC_WARN_UNUSED_FUNCTION = YES;
				GCC_WARN_UNUSED_VARIABLE = YES;
				IPHONEOS_DEPLOYMENT_TARGET = 12.1;
				MTL_ENABLE_DEBUG_INFO = NO;
				MTL_FAST_MATH = YES;
				SDKROOT = iphoneos;
				SWIFT_COMPILATION_MODE = wholemodule;
				SWIFT_OPTIMIZATION_LEVEL = "-O";
				VALIDATE_PRODUCT = YES;
			};
			name = Release;
		};
		9C90A6D923084068004E39CC /* Debug */ = {
			isa = XCBuildConfiguration;
			buildSettings = {
				ASSETCATALOG_COMPILER_APPICON_NAME = AppIcon;
				CODE_SIGN_STYLE = Automatic;
				INFOPLIST_FILE = Movie/Info.plist;
				LD_RUNPATH_SEARCH_PATHS = (
					"$(inherited)",
					"@executable_path/Frameworks",
				);
				PRODUCT_BUNDLE_IDENTIFIER = magnani12.Movie;
				PRODUCT_NAME = "$(TARGET_NAME)";
				SWIFT_VERSION = 4.2;
				TARGETED_DEVICE_FAMILY = "1,2";
			};
			name = Debug;
		};
		9C90A6DA23084068004E39CC /* Release */ = {
			isa = XCBuildConfiguration;
			buildSettings = {
				ASSETCATALOG_COMPILER_APPICON_NAME = AppIcon;
				CODE_SIGN_STYLE = Automatic;
				INFOPLIST_FILE = Movie/Info.plist;
				LD_RUNPATH_SEARCH_PATHS = (
					"$(inherited)",
					"@executable_path/Frameworks",
				);
				PRODUCT_BUNDLE_IDENTIFIER = magnani12.Movie;
				PRODUCT_NAME = "$(TARGET_NAME)";
				SWIFT_VERSION = 4.2;
				TARGETED_DEVICE_FAMILY = "1,2";
			};
			name = Release;
		};
		9C90A6DC23084068004E39CC /* Debug */ = {
			isa = XCBuildConfiguration;
			buildSettings = {
				ALWAYS_EMBED_SWIFT_STANDARD_LIBRARIES = YES;
				BUNDLE_LOADER = "$(TEST_HOST)";
				CODE_SIGN_STYLE = Automatic;
				INFOPLIST_FILE = MovieTests/Info.plist;
				LD_RUNPATH_SEARCH_PATHS = (
					"$(inherited)",
					"@executable_path/Frameworks",
					"@loader_path/Frameworks",
				);
				PRODUCT_BUNDLE_IDENTIFIER = magnani12.MovieTests;
				PRODUCT_NAME = "$(TARGET_NAME)";
				SWIFT_VERSION = 4.2;
				TARGETED_DEVICE_FAMILY = "1,2";
				TEST_HOST = "$(BUILT_PRODUCTS_DIR)/Movie.app/Movie";
			};
			name = Debug;
		};
		9C90A6DD23084068004E39CC /* Release */ = {
			isa = XCBuildConfiguration;
			buildSettings = {
				ALWAYS_EMBED_SWIFT_STANDARD_LIBRARIES = YES;
				BUNDLE_LOADER = "$(TEST_HOST)";
				CODE_SIGN_STYLE = Automatic;
				INFOPLIST_FILE = MovieTests/Info.plist;
				LD_RUNPATH_SEARCH_PATHS = (
					"$(inherited)",
					"@executable_path/Frameworks",
					"@loader_path/Frameworks",
				);
				PRODUCT_BUNDLE_IDENTIFIER = magnani12.MovieTests;
				PRODUCT_NAME = "$(TARGET_NAME)";
				SWIFT_VERSION = 4.2;
				TARGETED_DEVICE_FAMILY = "1,2";
				TEST_HOST = "$(BUILT_PRODUCTS_DIR)/Movie.app/Movie";
			};
			name = Release;
		};
		9C90A6DF23084068004E39CC /* Debug */ = {
			isa = XCBuildConfiguration;
			buildSettings = {
				ALWAYS_EMBED_SWIFT_STANDARD_LIBRARIES = YES;
				CODE_SIGN_STYLE = Automatic;
				INFOPLIST_FILE = MovieUITests/Info.plist;
				LD_RUNPATH_SEARCH_PATHS = (
					"$(inherited)",
					"@executable_path/Frameworks",
					"@loader_path/Frameworks",
				);
				PRODUCT_BUNDLE_IDENTIFIER = magnani12.MovieUITests;
				PRODUCT_NAME = "$(TARGET_NAME)";
				SWIFT_VERSION = 4.2;
				TARGETED_DEVICE_FAMILY = "1,2";
				TEST_TARGET_NAME = Movie;
			};
			name = Debug;
		};
		9C90A6E023084068004E39CC /* Release */ = {
			isa = XCBuildConfiguration;
			buildSettings = {
				ALWAYS_EMBED_SWIFT_STANDARD_LIBRARIES = YES;
				CODE_SIGN_STYLE = Automatic;
				INFOPLIST_FILE = MovieUITests/Info.plist;
				LD_RUNPATH_SEARCH_PATHS = (
					"$(inherited)",
					"@executable_path/Frameworks",
					"@loader_path/Frameworks",
				);
				PRODUCT_BUNDLE_IDENTIFIER = magnani12.MovieUITests;
				PRODUCT_NAME = "$(TARGET_NAME)";
				SWIFT_VERSION = 4.2;
				TARGETED_DEVICE_FAMILY = "1,2";
				TEST_TARGET_NAME = Movie;
			};
			name = Release;
		};
/* End XCBuildConfiguration section */

/* Begin XCConfigurationList section */
		9C90A6AB23084066004E39CC /* Build configuration list for PBXProject "Movie" */ = {
			isa = XCConfigurationList;
			buildConfigurations = (
				9C90A6D623084068004E39CC /* Debug */,
				9C90A6D723084068004E39CC /* Release */,
			);
			defaultConfigurationIsVisible = 0;
			defaultConfigurationName = Release;
		};
		9C90A6D823084068004E39CC /* Build configuration list for PBXNativeTarget "Movie" */ = {
			isa = XCConfigurationList;
			buildConfigurations = (
				9C90A6D923084068004E39CC /* Debug */,
				9C90A6DA23084068004E39CC /* Release */,
			);
			defaultConfigurationIsVisible = 0;
			defaultConfigurationName = Release;
		};
		9C90A6DB23084068004E39CC /* Build configuration list for PBXNativeTarget "MovieTests" */ = {
			isa = XCConfigurationList;
			buildConfigurations = (
				9C90A6DC23084068004E39CC /* Debug */,
				9C90A6DD23084068004E39CC /* Release */,
			);
			defaultConfigurationIsVisible = 0;
			defaultConfigurationName = Release;
		};
		9C90A6DE23084068004E39CC /* Build configuration list for PBXNativeTarget "MovieUITests" */ = {
			isa = XCConfigurationList;
			buildConfigurations = (
				9C90A6DF23084068004E39CC /* Debug */,
				9C90A6E023084068004E39CC /* Release */,
			);
			defaultConfigurationIsVisible = 0;
			defaultConfigurationName = Release;
		};
/* End XCConfigurationList section */
	};
	rootObject = 9C90A6A823084066004E39CC /* Project object */;
}
